{
  "version": 2,
  "dependencies": {
    "net10.0": {
      "Expecto": {
        "type": "Direct",
        "requested": "[10.2.2, )",
        "resolved": "10.2.2",
        "contentHash": "Ul1wNnvM4sugoP5toPmYNwOJgj7fb0MhbEtTXOz/Z68oiUeLWRHdt1+KGQaseENbt8fnJfiK3zfef+/2dTL8Jg==",
        "dependencies": {
          "FSharp.Core": "7.0.200",
          "Mono.Cecil": "[0.11.4, 1.0.0)"
        }
      },
      "Fake.DotNet.Cli": {
        "type": "Direct",
        "requested": "[6.1.3, )",
        "resolved": "6.1.3",
        "contentHash": "OmP/0A2MOqpzNuEx0ahPYUyTWcfy4SyhmWYgsSZ8IkE80zak8RwuSnonx3DjSAbVR3oHuse8LcWXnRsyoFDiDw==",
        "dependencies": {
          "FSharp.Core": "8.0.301",
          "Fake.Core.Environment": "6.1.3",
          "Fake.Core.Process": "6.1.3",
          "Fake.Core.String": "6.1.3",
          "Fake.Core.Trace": "6.1.3",
          "Fake.DotNet.MSBuild": "6.1.3",
          "Fake.DotNet.NuGet": "6.1.3",
          "Fake.IO.FileSystem": "6.1.3",
          "Mono.Posix.NETStandard": "1.0.0",
          "Newtonsoft.Json": "13.0.3"
        }
      },
      "Fake.Tools.Git": {
        "type": "Direct",
        "requested": "[6.1.3, )",
        "resolved": "6.1.3",
        "contentHash": "OMG4kOH0jr8S4HPSz+WfNL6swZVnctQD+WSZC8LHDl8kwJCszxJh1iHQNnszDzyREe3utzVOrArl2M7H2afZtQ==",
        "dependencies": {
          "FSharp.Core": "8.0.301",
          "Fake.Core.Environment": "6.1.3",
          "Fake.Core.Process": "6.1.3",
          "Fake.Core.SemVer": "6.1.3",
          "Fake.Core.String": "6.1.3",
          "Fake.Core.Trace": "6.1.3",
          "Fake.IO.FileSystem": "6.1.3"
        }
      },
      "Microsoft.NET.Test.Sdk": {
        "type": "Direct",
        "requested": "[17.13.0, )",
        "resolved": "17.13.0",
        "contentHash": "W19wCPizaIC9Zh47w8wWI/yxuqR7/dtABwOrc8r2jX/8mUNxM2vw4fXDh+DJTeogxV+KzKwg5jNNGQVwf3LXyA==",
        "dependencies": {
          "Microsoft.CodeCoverage": "17.13.0",
          "Microsoft.TestPlatform.TestHost": "17.13.0"
        }
      },
      "YoloDev.Expecto.TestSdk": {
        "type": "Direct",
        "requested": "[0.15.3, )",
        "resolved": "0.15.3",
        "contentHash": "fpHXx4+RD8HrLsxg/NhP+uvqIPzFfoLNoPZ3F8Yi+Nv8DPTHqwdnDyPW9MD+036icExUYiv/qc/rOuSfE0TIOA==",
        "dependencies": {
          "Expecto": "[10.2.2, 11.0.0)",
          "FSharp.Core": "7.0.200",
          "Microsoft.Testing.Extensions.VSTestBridge": "1.6.2",
          "Microsoft.Testing.Platform.MSBuild": "1.6.2"
        }
      },
      "BlackFox.VsWhere": {
        "type": "Transitive",
        "resolved": "1.1.0",
        "contentHash": "rqIFENkurSkGU0ecXG21Ez96pXDwIXUoE9f4DhEDRE4T3iYVIKMHPaQ0XUQH4Rgf9bqUHUW1TO87UR7xEndqNQ==",
        "dependencies": {
          "FSharp.Core": "4.2.3"
        }
      },
      "Fake.Core.Context": {
        "type": "Transitive",
        "resolved": "6.1.3",
        "contentHash": "ol84MQSE88OYXj7c2uqLfiztDLDhptHdqDqGO1sm/ks9TgOpZ2azLkGSAr8C34gd51FYtZM/Jww28ZNONovWEQ==",
        "dependencies": {
          "FSharp.Core": "8.0.301"
        }
      },
      "Fake.Core.FakeVar": {
        "type": "Transitive",
        "resolved": "6.1.3",
        "contentHash": "/cBJICEsb7NU3x7Z2/rISqOvm4Fuy/pNrgA8iY3b82SoSXi5kNtVygpZW+kbihth/yvDnE14ridaTMgc6Fkwqw==",
        "dependencies": {
          "FSharp.Core": "8.0.301",
          "Fake.Core.Context": "6.1.3"
        }
      },
      "Fake.Core.SemVer": {
        "type": "Transitive",
        "resolved": "6.1.3",
        "contentHash": "c8kIgzAJHm3TzRCvUl/LLR5705J0J45lo7gZlKgAnqdzlrJxMz8af4x7dy42bjY0SKxKdtbNjudgS3y9HiN4Jw==",
        "dependencies": {
          "FSharp.Core": "8.0.301"
        }
      },
      "Fake.Core.String": {
        "type": "Transitive",
        "resolved": "6.1.3",
        "contentHash": "Pdle3F5G8OyF4azOM9oyyctIztBTN1hRByei5JrF4mFS3tmmB8RFi8tcqZOeAeuqs91HvF4Tj+ZcKp1FATbH7w==",
        "dependencies": {
          "FSharp.Core": "8.0.301"
        }
      },
      "Fake.Core.Tasks": {
        "type": "Transitive",
        "resolved": "6.1.3",
        "contentHash": "oSgldXn5MzsMKuXUqaUcrim5J9zWt2iYA0A4pwUNjqeuwhXUV6AmgPebE9yuAOARBD0r296plp5fd7Cv5y3vQw==",
        "dependencies": {
          "FSharp.Core": "8.0.301",
          "Fake.Core.Trace": "6.1.3"
        }
      },
      "Fake.Core.Trace": {
        "type": "Transitive",
        "resolved": "6.1.3",
        "contentHash": "zBj/BndzPZADUO4Kg7LHUS38KAHRohFz9ni7zELxDMkP/JqHUtldwaOcDxOXQhcNqHd7LtkwkIjztU+v5JwCGg==",
        "dependencies": {
          "FSharp.Core": "8.0.301",
          "Fake.Core.Environment": "6.1.3",
          "Fake.Core.FakeVar": "6.1.3"
        }
      },
      "Fake.Core.Xml": {
        "type": "Transitive",
        "resolved": "6.1.3",
        "contentHash": "MvvtUnzsThYxIfx3dxrBR48oEpUtejEdR4KsWHjtbO7rBOsJMsFvd2TvdKJwPAZhNMejYNhsJWhbBLqHWCxfWQ==",
        "dependencies": {
          "FSharp.Core": "8.0.301",
          "Fake.Core.String": "6.1.3"
        }
      },
      "Fake.DotNet.MSBuild": {
        "type": "Transitive",
        "resolved": "6.1.3",
        "contentHash": "vkC7g7DkXj1Y24VawrNB7wQcv/8L9I0EIYGqCe+pc3fsxiebMa0LC3iKMbdO3+7UfLMiBDm/bFUgdxL4nexyIQ==",
        "dependencies": {
          "BlackFox.VsWhere": "1.1.0",
          "FSharp.Core": "8.0.301",
          "Fake.Core.Environment": "6.1.3",
          "Fake.Core.Process": "6.1.3",
          "Fake.Core.String": "6.1.3",
          "Fake.Core.Trace": "6.1.3",
          "Fake.IO.FileSystem": "6.1.3",
          "MSBuild.StructuredLogger": "2.1.815"
        }
      },
      "Fake.DotNet.NuGet": {
        "type": "Transitive",
        "resolved": "6.1.3",
        "contentHash": "WNJgzPWZQh2jCMMDhi+BY8IbHrVxErL0289foCrAezt175tuhnpqaTf69uUpPRypNhS53oKDaFSpuvUxqyBUEQ==",
        "dependencies": {
          "FSharp.Core": "8.0.301",
          "Fake.Core.Environment": "6.1.3",
          "Fake.Core.Process": "6.1.3",
          "Fake.Core.SemVer": "6.1.3",
          "Fake.Core.String": "6.1.3",
          "Fake.Core.Tasks": "6.1.3",
          "Fake.Core.Trace": "6.1.3",
          "Fake.Core.Xml": "6.1.3",
          "Fake.IO.FileSystem": "6.1.3",
          "Fake.Net.Http": "6.1.3",
          "Newtonsoft.Json": "13.0.3",
          "NuGet.Protocol": "6.10.1"
        }
      },
      "Fake.Net.Http": {
        "type": "Transitive",
        "resolved": "6.1.3",
        "contentHash": "I+mseA8VmLwaTxrWrc/WP4lI9b+B/s6UBzXgKBNOu93nMqNYGQLm+h9ii9ohpZ1ZKWjRVzrbXvSrELrEWroPyQ==",
        "dependencies": {
          "FSharp.Core": "8.0.301",
          "Fake.Core.Trace": "6.1.3"
        }
      },
      "Microsoft.ApplicationInsights": {
        "type": "Transitive",
        "resolved": "2.22.0",
        "contentHash": "3AOM9bZtku7RQwHyMEY3tQMrHIgjcfRDa6YQpd/QG2LDGvMydSlL9Di+8LLMt7J2RDdfJ7/2jdYv6yHcMJAnNw=="
      },
      "Microsoft.Build.Framework": {
        "type": "Transitive",
        "resolved": "16.10.0",
        "contentHash": "uD2GUw3AYlFSpU42c/80DouuJL6w1Kb06q4FEjQhW/9wjhBwukgx13T5MPIpSvQ8ssahKINanHfMUL89EVQHgQ==",
        "dependencies": {
          "System.Security.Permissions": "4.7.0"
        }
      },
      "Microsoft.Build.Utilities.Core": {
        "type": "Transitive",
        "resolved": "16.10.0",
        "contentHash": "R8eATgdaGCfdepd67LMe1qhJz6iQOTuI9gVoOqXrHwhc77sBDqG0XD9zKvrgOqfS6NJ03KKTAhbbXnLgD5fKCA==",
        "dependencies": {
          "Microsoft.Build.Framework": "16.10.0",
          "Microsoft.NET.StringTools": "1.0.0",
          "System.Configuration.ConfigurationManager": "4.7.0",
          "System.Security.Permissions": "4.7.0"
        }
      },
      "Microsoft.CodeCoverage": {
        "type": "Transitive",
        "resolved": "17.13.0",
        "contentHash": "9LIUy0y+DvUmEPtbRDw6Bay3rzwqFV8P4efTrK4CZhQle3M/QwLPjISghfcolmEGAPWxuJi6m98ZEfk4VR4Lfg=="
      },
      "Microsoft.NET.StringTools": {
        "type": "Transitive",
        "resolved": "1.0.0",
        "contentHash": "ZYVcoDM0LnSyT5nWoRGfShYdOecCw2sOXWwP6j1Z0u48Xq3+BVvZ+EiPCX9/8Gz439giW+O1H1kWF9Eb/w6rVg=="
      },
      "Microsoft.NETCore.Platforms": {
        "type": "Transitive",
        "resolved": "3.1.0",
        "contentHash": "z7aeg8oHln2CuNulfhiLYxCVMPEwBl3rzicjvIX+4sUuCwvXw5oXQEtbiU2c0z4qYL5L3Kmx0mMA/+t/SbY67w=="
      },
      "Microsoft.Testing.Extensions.Telemetry": {
        "type": "Transitive",
        "resolved": "1.6.2",
        "contentHash": "40oMlQzyey4jOihY0IpUufSoMYeijYgvrtIxuYmuVx1k5xl271XlP0gwD2DwAKnvmmP0cocou531d6/CB3cCIA==",
        "dependencies": {
          "Microsoft.ApplicationInsights": "2.22.0",
          "Microsoft.Testing.Platform": "1.6.2"
        }
      },
      "Microsoft.Testing.Extensions.TrxReport.Abstractions": {
        "type": "Transitive",
        "resolved": "1.6.2",
        "contentHash": "EE4PoYoRtrTKE0R22bXuBguVgdEeepImy0S8xHaZOcGz5AuahB2i+0CV4UTefLqO1dtbA4APfumpP1la+Yn3SA==",
        "dependencies": {
          "Microsoft.Testing.Platform": "1.6.2"
        }
      },
      "Microsoft.Testing.Extensions.VSTestBridge": {
        "type": "Transitive",
        "resolved": "1.6.2",
        "contentHash": "ZvYa+VDuk39EIqyOZ/IMFSRd/N54zFBnDFmDagFBJt21vZZnSG6l/3CkJX3DvmYmuf5Byj9w7Xf46mkWuur4LQ==",
        "dependencies": {
          "Microsoft.TestPlatform.ObjectModel": "17.13.0",
          "Microsoft.Testing.Extensions.Telemetry": "1.6.2",
          "Microsoft.Testing.Extensions.TrxReport.Abstractions": "1.6.2",
          "Microsoft.Testing.Platform": "1.6.2"
        }
      },
      "Microsoft.Testing.Platform": {
        "type": "Transitive",
        "resolved": "1.6.2",
        "contentHash": "7CFJKN3An5Ra6YOrTCAi7VldSRTxGGokqC0NSNrpKTKO6NJJby10EWwnqV/v2tawcRzfSbLpKNpvBv7s7ZoD3Q=="
      },
      "Microsoft.Testing.Platform.MSBuild": {
        "type": "Transitive",
        "resolved": "1.6.2",
        "contentHash": "tF5UgrXh0b0F8N11uWfaZT91v5QvuTZDwWP19GDMHPalWFKfmlix92xExo7cotJDoAK+bzljLK0S0XJuigYLbA==",
        "dependencies": {
          "Microsoft.Testing.Platform": "1.6.2"
        }
      },
      "Microsoft.TestPlatform.ObjectModel": {
        "type": "Transitive",
        "resolved": "17.13.0",
        "contentHash": "bt0E0Dx+iqW97o4A59RCmUmz/5NarJ7LRL+jXbSHod72ibL5XdNm1Ke+UO5tFhBG4VwHLcSjqq9BUSblGNWamw=="
      },
      "Microsoft.TestPlatform.TestHost": {
        "type": "Transitive",
        "resolved": "17.13.0",
        "contentHash": "9GGw08Dc3AXspjekdyTdZ/wYWFlxbgcF0s7BKxzVX+hzAwpifDOdxM+ceVaaJSQOwqt3jtuNlHn3XTpKUS9x9Q==",
        "dependencies": {
          "Microsoft.TestPlatform.ObjectModel": "17.13.0",
          "Newtonsoft.Json": "13.0.1"
        }
      },
      "Microsoft.Win32.SystemEvents": {
        "type": "Transitive",
        "resolved": "4.7.0",
        "contentHash": "mtVirZr++rq+XCDITMUdnETD59XoeMxSpLRIII7JRI6Yj0LEDiO1pPn0ktlnIj12Ix8bfvQqQDMMIF9wC98oCA==",
        "dependencies": {
          "Microsoft.NETCore.Platforms": "3.1.0"
        }
      },
      "Mono.Cecil": {
        "type": "Transitive",
        "resolved": "0.11.4",
        "contentHash": "IC1h5g0NeJGHIUgzM1P82ld57knhP0IcQfrYITDPXlNpMYGUrsG5TxuaWTjaeqDNQMBDNZkB8L0rBnwsY6JHuQ=="
      },
      "Mono.Posix.NETStandard": {
        "type": "Transitive",
        "resolved": "1.0.0",
        "contentHash": "vSN/L1uaVwKsiLa95bYu2SGkF0iY3xMblTfxc8alSziPuVfJpj3geVqHGAA75J7cZkMuKpFVikz82Lo6y6LLdA=="
      },
      "Newtonsoft.Json": {
        "type": "Transitive",
        "resolved": "13.0.3",
        "contentHash": "HrC5BXdl00IP9zeV+0Z848QWPAoCr9P3bDEZguI+gkLcBKAOxix/tLEAAHC+UvDNPv4a2d18lOReHMOagPa+zQ=="
      },
      "NuGet.Common": {
        "type": "Transitive",
        "resolved": "6.10.1",
        "contentHash": "djIP7OOdQYamFFtLFxbGTotFhlCkRs42Nc2lYS7E1uGLq91zwLdfOUCsWLfFBMT5EA8iqQnyRYrMD/sihgTkiQ==",
        "dependencies": {
          "NuGet.Frameworks": "6.10.1"
        }
      },
      "NuGet.Configuration": {
        "type": "Transitive",
        "resolved": "6.10.1",
        "contentHash": "SlPy3mxtMZRb281WUDA5Q+8SPR5objjFfXXOGjk5vs60/f7KeIdORJOj2UgxJal9YFFU58sJv3tVkaF51bGoyA==",
        "dependencies": {
          "NuGet.Common": "6.10.1",
          "System.Security.Cryptography.ProtectedData": "4.4.0"
        }
      },
      "NuGet.Frameworks": {
        "type": "Transitive",
        "resolved": "6.10.1",
        "contentHash": "DtppveEBKkGwLoY5fk2DLNxtVbx0iw8r7s/RjYdm2AkK7RwnfJGe+j7DriYSEuxHrvSOU7n3ELKmlnn9jbZYfQ=="
      },
      "NuGet.Packaging": {
        "type": "Transitive",
        "resolved": "6.10.1",
        "contentHash": "0YiFuHfPty9XOZXEZTj8KPjhBZhr7q91vmANttay+3IsO3ri40sMyGDoTRhFYH/A8dJzwmnD7ZNDJLFTiChwNA==",
        "dependencies": {
          "Newtonsoft.Json": "13.0.3",
          "NuGet.Configuration": "6.10.1",
          "NuGet.Versioning": "6.10.1",
          "System.Security.Cryptography.Pkcs": "6.0.4"
        }
      },
      "NuGet.Protocol": {
        "type": "Transitive",
        "resolved": "6.10.1",
        "contentHash": "ZWZKeFBtxBOI4MyM9DbL47APRrLzIvg6vP5YcHHuryHb4W9A0bnAPjpmR5BF6qB5KpGBioqJ0GftxWrZ+W7pUA==",
        "dependencies": {
          "NuGet.Packaging": "6.10.1"
        }
      },
      "NuGet.Versioning": {
        "type": "Transitive",
        "resolved": "6.10.1",
        "contentHash": "tovHZ3OlMVmsTdhv2z5nwnnhoA1ryhfJMyVQ9/+iv6d3h78fp230XaGy3K/iVcLwB50DdfNfIsitW97KSOWDFg=="
      },
      "System.Configuration.ConfigurationManager": {
        "type": "Transitive",
        "resolved": "4.7.0",
        "contentHash": "/anOTeSZCNNI2zDilogWrZ8pNqCmYbzGNexUnNhjW8k0sHqEZ2nHJBp147jBV3hGYswu5lINpNg1vxR7bnqvVA==",
        "dependencies": {
          "System.Security.Cryptography.ProtectedData": "4.7.0",
          "System.Security.Permissions": "4.7.0"
        }
      },
      "System.Drawing.Common": {
        "type": "Transitive",
        "resolved": "4.7.0",
        "contentHash": "v+XbyYHaZjDfn0ENmJEV1VYLgGgCTx1gnfOBcppowbpOAriglYgGCvFCPr2EEZyBvXlpxbEsTwkOlInl107ahA==",
        "dependencies": {
          "Microsoft.NETCore.Platforms": "3.1.0",
          "Microsoft.Win32.SystemEvents": "4.7.0"
        }
      },
      "System.Security.Cryptography.Pkcs": {
        "type": "Transitive",
        "resolved": "6.0.4",
        "contentHash": "LGbXi1oUJ9QgCNGXRO9ndzBL/GZgANcsURpMhNR8uO+rca47SZmciS3RSQUvlQRwK3QHZSHNOXzoMUASKA+Anw=="
      },
      "System.Security.Cryptography.ProtectedData": {
        "type": "Transitive",
        "resolved": "4.7.0",
        "contentHash": "ehYW0m9ptxpGWvE4zgqongBVWpSDU/JCFD4K7krxkQwSz/sFQjEXCUqpvencjy6DYDbn7Ig09R8GFffu8TtneQ=="
      },
      "System.Security.Permissions": {
        "type": "Transitive",
        "resolved": "4.7.0",
        "contentHash": "dkOV6YYVBnYRa15/yv004eCGRBVADXw8qRbbNiCn/XpdJSUXkkUeIvdvFHkvnko4CdKMqG8yRHC4ox83LSlMsQ==",
        "dependencies": {
          "System.Windows.Extensions": "4.7.0"
        }
      },
      "System.Windows.Extensions": {
        "type": "Transitive",
        "resolved": "4.7.0",
        "contentHash": "CeWTdRNfRaSh0pm2gDTJFwVaXfTq6Xwv/sA887iwPTneW7oMtMlpvDIO+U60+3GWTB7Aom6oQwv5VZVUhQRdPQ==",
        "dependencies": {
          "System.Drawing.Common": "4.7.0"
        }
      },
      "Fake.Core.Environment": {
        "type": "CentralTransitive",
        "requested": "[6.1.3, )",
        "resolved": "6.1.3",
        "contentHash": "+3f1lcEumNzIuDkAVaRuhtWtbB4bLxQJ739wGbYu9Oe+OsI2KVBC27dr8FUakhSIWe+XUfG7C16n416TaZW9qA==",
        "dependencies": {
          "FSharp.Core": "8.0.301"
        }
      },
      "Fake.Core.Process": {
        "type": "CentralTransitive",
        "requested": "[6.1.3, )",
        "resolved": "6.1.3",
        "contentHash": "q9urEiNkpcgqntTZygDFX9n0t7kPMmeVak0VQnSqFHp6efdSiJK+aN2CZVOO2eylb54G5/+URRejdN9tOs44yg==",
        "dependencies": {
          "FSharp.Core": "8.0.301",
          "Fake.Core.Environment": "6.1.3",
          "Fake.Core.FakeVar": "6.1.3",
          "Fake.Core.String": "6.1.3",
          "Fake.Core.Trace": "6.1.3",
          "Fake.IO.FileSystem": "6.1.3"
        }
      },
      "Fake.IO.FileSystem": {
        "type": "CentralTransitive",
        "requested": "[6.1.3, )",
        "resolved": "6.1.3",
        "contentHash": "zQH/7eZWCmnrxfj2UGq5lMP+e6dqtEFimrVchDwOLneKyoA5+sDihL8CnJ6FRcIDkiSp4S2WHvNG2iNiZaVJxA==",
        "dependencies": {
          "FSharp.Core": "8.0.301",
          "Fake.Core.String": "6.1.3",
          "Fake.Core.Trace": "6.1.3"
        }
      },
      "FSharp.Core": {
        "type": "CentralTransitive",
        "requested": "[9.0.303, )",
        "resolved": "8.0.301",
        "contentHash": "I94+2zfAhWMJwPzVDFSlsutZvjPkaRvLVipf8b2O4AyzxKUBmevDkUBzcJBqSQNB1Ikig8xdphswoeKrObqx7Q=="
      },
      "MSBuild.StructuredLogger": {
        "type": "CentralTransitive",
        "requested": "[2.2.441, )",
        "resolved": "2.1.815",
        "contentHash": "5UfWYgsWBGI3w0npjYLeXPv8TUcNmGB/QBhoYLDeYTosuvmG6pz6HPb+xPg/Boi1bmw2Bgnjo+XopcwzCbZAqg==",
        "dependencies": {
          "Microsoft.Build.Framework": "16.10.0",
          "Microsoft.Build.Utilities.Core": "16.10.0"
        }
      }
    }
  }
}